
Microsoft Visual Studio Solution File, Format Version 12.00
# Visual Studio Version 16
VisualStudioVersion = 16.0.30413.136
MinimumVisualStudioVersion = 10.0.40219.1
Project("{FAE04EC0-301F-11D3-BF4B-00C04F79EFBC}") = "Forms.Server", "Server\Forms.Server.csproj", "{1F783A8C-9FDE-4378-A59C-6BDC197B0DAE}"
EndProject
Project("{FAE04EC0-301F-11D3-BF4B-00C04F79EFBC}") = "Forms.Client", "Client\Forms.Client.csproj", "{B1DBC071-6EB1-486F-B273-FEDE324D856C}"
EndProject
Project("{FAE04EC0-301F-11D3-BF4B-00C04F79EFBC}") = "Forms.Shared", "Shared\Forms.Shared.csproj", "{E9AE717E-1951-4D03-8C1E-01062005A233}"
EndProject
Global
	GlobalSection(SolutionConfigurationPlatforms) = preSolution
		Debug|Any CPU = Debug|Any CPU
		Release|Any CPU = Release|Any CPU
	EndGlobalSection
	GlobalSection(ProjectConfigurationPlatforms) = postSolution
		{1F783A8C-9FDE-4378-A59C-6BDC197B0DAE}.Debug|Any CPU.ActiveCfg = Debug|Any CPU
		{1F783A8C-9FDE-4378-A59C-6BDC197B0DAE}.Debug|Any CPU.Build.0 = Debug|Any CPU
		{1F783A8C-9FDE-4378-A59C-6BDC197B0DAE}.Release|Any CPU.ActiveCfg = Release|Any CPU
		{1F783A8C-9FDE-4378-A59C-6BDC197B0DAE}.Release|Any CPU.Build.0 = Release|Any CPU
		{B1DBC071-6EB1-486F-B273-FEDE324D856C}.Debug|Any CPU.ActiveCfg = Debug|Any CPU
		{B1DBC071-6EB1-486F-B273-FEDE324D856C}.Debug|Any CPU.Build.0 = Debug|Any CPU
		{B1DBC071-6EB1-486F-B273-FEDE324D856C}.Release|Any CPU.ActiveCfg = Release|Any CPU
		{B1DBC071-6EB1-486F-B273-FEDE324D856C}.Release|Any CPU.Build.0 = Release|Any CPU
		{E9AE717E-1951-4D03-8C1E-01062005A233}.Debug|Any CPU.ActiveCfg = Debug|Any CPU
		{E9AE717E-1951-4D03-8C1E-01062005A233}.Debug|Any CPU.Build.0 = Debug|Any CPU
		{E9AE717E-1951-4D03-8C1E-01062005A233}.Release|Any CPU.ActiveCfg = Release|Any CPU
		{E9AE717E-1951-4D03-8C1E-01062005A233}.Release|Any CPU.Build.0 = Release|Any CPU
	EndGlobalSection
	GlobalSection(SolutionProperties) = preSolution
		HideSolutionNode = FALSE
	EndGlobalSection
	GlobalSection(ExtensibilityGlobals) = postSolution
		SolutionGuid = {ADEB4D49-61BF-4636-973D-4296D8247059}
	EndGlobalSection
EndGlobal
